
Microsoft Visual Studio Solution File, Format Version 12.00
# Visual Studio Version 17
VisualStudioVersion = 17.2.32519.379
MinimumVisualStudioVersion = 10.0.40219.1
Project("{9A19103F-16F7-4668-BE54-9A1E7A4F7556}") = "WpfApp1", "WpfApp1\WpfApp1.csproj", "{A9A5EB38-984F-4B33-A55F-806424682D73}"
EndProject
Project("{9A19103F-16F7-4668-BE54-9A1E7A4F7556}") = "WpfMessageBox", "WpfMessagBox\WpfMessageBox.csproj", "{B9F539A6-FAA2-408F-B83E-8BEFB3DD48CD}"
EndProject
Project("{9A19103F-16F7-4668-BE54-9A1E7A4F7556}") = "WpfMessageBoxDemo", "WpfMessageBoxDemo\WpfMessageBoxDemo.csproj", "{6471A957-3FF4-4E63-BEB6-74A182AC9C72}"
EndProject
Project("{9A19103F-16F7-4668-BE54-9A1E7A4F7556}") = "WpfMenus", "WpfMenus\WpfMenus.csproj", "{773AB3AF-468E-4CFE-B406-8B1248B2E715}"
EndProject
Project("{FAE04EC0-301F-11D3-BF4B-00C04F79EFBC}") = "WpfMenusDemo", "WpfMenusDemo\WpfMenusDemo.csproj", "{DCBDF65E-DDD3-46E2-8B1D-BA254FAA9947}"
EndProject
Project("{9A19103F-16F7-4668-BE54-9A1E7A4F7556}") = "AvaMessageBox", "AvaMessageBox\AvaMessageBox.csproj", "{826817E8-F973-431A-85D3-F35493A19DD0}"
EndProject
Project("{9A19103F-16F7-4668-BE54-9A1E7A4F7556}") = "AvaMessageBoxDemo", "AvaMessageBoxDemo\AvaMessageBoxDemo.csproj", "{F17BCDEA-8874-49B5-943F-C7EB118F25DB}"
EndProject
Project("{FAE04EC0-301F-11D3-BF4B-00C04F79EFBC}") = "AvaloniaFluentColors", "AvaloniaFluentColors\AvaloniaFluentColors.csproj", "{A1C45D2B-E87E-46FB-9154-600C5DE11846}"
EndProject
Global
	GlobalSection(SolutionConfigurationPlatforms) = preSolution
		Debug|Any CPU = Debug|Any CPU
		Release|Any CPU = Release|Any CPU
	EndGlobalSection
	GlobalSection(ProjectConfigurationPlatforms) = postSolution
		{A9A5EB38-984F-4B33-A55F-806424682D73}.Debug|Any CPU.ActiveCfg = Debug|Any CPU
		{A9A5EB38-984F-4B33-A55F-806424682D73}.Debug|Any CPU.Build.0 = Debug|Any CPU
		{A9A5EB38-984F-4B33-A55F-806424682D73}.Release|Any CPU.ActiveCfg = Release|Any CPU
		{A9A5EB38-984F-4B33-A55F-806424682D73}.Release|Any CPU.Build.0 = Release|Any CPU
		{B9F539A6-FAA2-408F-B83E-8BEFB3DD48CD}.Debug|Any CPU.ActiveCfg = Debug|Any CPU
		{B9F539A6-FAA2-408F-B83E-8BEFB3DD48CD}.Debug|Any CPU.Build.0 = Debug|Any CPU
		{B9F539A6-FAA2-408F-B83E-8BEFB3DD48CD}.Release|Any CPU.ActiveCfg = Release|Any CPU
		{B9F539A6-FAA2-408F-B83E-8BEFB3DD48CD}.Release|Any CPU.Build.0 = Release|Any CPU
		{6471A957-3FF4-4E63-BEB6-74A182AC9C72}.Debug|Any CPU.ActiveCfg = Debug|Any CPU
		{6471A957-3FF4-4E63-BEB6-74A182AC9C72}.Debug|Any CPU.Build.0 = Debug|Any CPU
		{6471A957-3FF4-4E63-BEB6-74A182AC9C72}.Release|Any CPU.ActiveCfg = Release|Any CPU
		{6471A957-3FF4-4E63-BEB6-74A182AC9C72}.Release|Any CPU.Build.0 = Release|Any CPU
		{773AB3AF-468E-4CFE-B406-8B1248B2E715}.Debug|Any CPU.ActiveCfg = Debug|Any CPU
		{773AB3AF-468E-4CFE-B406-8B1248B2E715}.Debug|Any CPU.Build.0 = Debug|Any CPU
		{773AB3AF-468E-4CFE-B406-8B1248B2E715}.Release|Any CPU.ActiveCfg = Release|Any CPU
		{773AB3AF-468E-4CFE-B406-8B1248B2E715}.Release|Any CPU.Build.0 = Release|Any CPU
		{DCBDF65E-DDD3-46E2-8B1D-BA254FAA9947}.Debug|Any CPU.ActiveCfg = Debug|Any CPU
		{DCBDF65E-DDD3-46E2-8B1D-BA254FAA9947}.Debug|Any CPU.Build.0 = Debug|Any CPU
		{DCBDF65E-DDD3-46E2-8B1D-BA254FAA9947}.Release|Any CPU.ActiveCfg = Release|Any CPU
		{DCBDF65E-DDD3-46E2-8B1D-BA254FAA9947}.Release|Any CPU.Build.0 = Release|Any CPU
		{826817E8-F973-431A-85D3-F35493A19DD0}.Debug|Any CPU.ActiveCfg = Debug|Any CPU
		{826817E8-F973-431A-85D3-F35493A19DD0}.Debug|Any CPU.Build.0 = Debug|Any CPU
		{826817E8-F973-431A-85D3-F35493A19DD0}.Release|Any CPU.ActiveCfg = Release|Any CPU
		{826817E8-F973-431A-85D3-F35493A19DD0}.Release|Any CPU.Build.0 = Release|Any CPU
		{F17BCDEA-8874-49B5-943F-C7EB118F25DB}.Debug|Any CPU.ActiveCfg = Debug|Any CPU
		{F17BCDEA-8874-49B5-943F-C7EB118F25DB}.Debug|Any CPU.Build.0 = Debug|Any CPU
		{F17BCDEA-8874-49B5-943F-C7EB118F25DB}.Release|Any CPU.ActiveCfg = Release|Any CPU
		{F17BCDEA-8874-49B5-943F-C7EB118F25DB}.Release|Any CPU.Build.0 = Release|Any CPU
		{A1C45D2B-E87E-46FB-9154-600C5DE11846}.Debug|Any CPU.ActiveCfg = Debug|Any CPU
		{A1C45D2B-E87E-46FB-9154-600C5DE11846}.Debug|Any CPU.Build.0 = Debug|Any CPU
		{A1C45D2B-E87E-46FB-9154-600C5DE11846}.Release|Any CPU.ActiveCfg = Release|Any CPU
		{A1C45D2B-E87E-46FB-9154-600C5DE11846}.Release|Any CPU.Build.0 = Release|Any CPU
	EndGlobalSection
	GlobalSection(SolutionProperties) = preSolution
		HideSolutionNode = FALSE
	EndGlobalSection
	GlobalSection(ExtensibilityGlobals) = postSolution
		SolutionGuid = {CCCA30B9-D617-4BA8-9FFB-CA8471388C1D}
	EndGlobalSection
EndGlobal
